{
  "lockfile_version": "1",
  "packages": {
    "git@latest": {
      "last_modified": "2024-05-22T06:18:38Z",
      "resolved": "github:NixOS/nixpkgs/3f316d2a50699a78afe5e77ca486ad553169061e#git",
      "source": "devbox-search",
      "version": "2.44.1",
      "systems": {
        "aarch64-darwin": {
          "outputs": [
            {
              "name": "out",
              "path": "/nix/store/1y3m89x5sl3bwag9lk4fdbqmswzjp9is-git-2.44.1",
              "default": true
            },
            {
              "name": "doc",
              "path": "/nix/store/hhwbgxadc1r7f2vf0f7mf4mlcy3xsxh9-git-2.44.1-doc"
            }
          ],
          "store_path": "/nix/store/1y3m89x5sl3bwag9lk4fdbqmswzjp9is-git-2.44.1"
        },
        "aarch64-linux": {
          "outputs": [
            {
              "name": "out",
              "path": "/nix/store/y6si9acv2p32jjyavs5arj8lwk7qq945-git-2.44.1",
              "default": true
            },
            {
              "name": "debug",
              "path": "/nix/store/vjgwf4vr6dqclvb503fqir13yiqp7bf6-git-2.44.1-debug"
            },
            {
              "name": "doc",
              "path": "/nix/store/1c5816l3n7dgbjkbf6fdlw0amq5rvazq-git-2.44.1-doc"
            }
          ],
          "store_path": "/nix/store/y6si9acv2p32jjyavs5arj8lwk7qq945-git-2.44.1"
        },
        "x86_64-darwin": {
          "outputs": [
            {
              "name": "out",
              "path": "/nix/store/rwkir7nma4hgyg8lydzjisbjgwr9a4xf-git-2.44.1",
              "default": true
            },
            {
              "name": "doc",
              "path": "/nix/store/y4l5l7k5syy0s3baznixgxbnmn8aiyxq-git-2.44.1-doc"
            }
          ],
          "store_path": "/nix/store/rwkir7nma4hgyg8lydzjisbjgwr9a4xf-git-2.44.1"
        },
        "x86_64-linux": {
          "outputs": [
            {
              "name": "out",
              "path": "/nix/store/jxjzgz1p0hdqsg8k17ivw5mgcd6ffx9c-git-2.44.1",
              "default": true
            },
            {
              "name": "debug",
              "path": "/nix/store/93xf345jmvrcz1wc3va981rp13rn4hyz-git-2.44.1-debug"
            },
            {
              "name": "doc",
              "path": "/nix/store/rvgnmd4cwvmy3v77ig977ix40d2mipri-git-2.44.1-doc"
            }
          ],
          "store_path": "/nix/store/jxjzgz1p0hdqsg8k17ivw5mgcd6ffx9c-git-2.44.1"
        }
      }
    },
    "glibcLocales@latest": {
      "last_modified": "2024-05-22T06:18:38Z",
      "resolved": "github:NixOS/nixpkgs/3f316d2a50699a78afe5e77ca486ad553169061e#glibcLocales",
      "source": "devbox-search",
      "version": "2.39-52",
      "systems": {
        "aarch64-linux": {
          "outputs": [
            {
              "name": "out",
              "path": "/nix/store/xm7q0x6634qj1hklx7blbg8ms8qzayn8-glibc-locales-2.39-52",
              "default": true
            }
          ],
          "store_path": "/nix/store/xm7q0x6634qj1hklx7blbg8ms8qzayn8-glibc-locales-2.39-52"
        },
        "x86_64-linux": {
          "outputs": [
            {
              "name": "out",
              "path": "/nix/store/hmy0ml9nw48c6znk3vn692m1pvk31k54-glibc-locales-2.39-52",
              "default": true
            }
          ],
          "store_path": "/nix/store/hmy0ml9nw48c6znk3vn692m1pvk31k54-glibc-locales-2.39-52"
        }
      }
    },
    "go-task@latest": {
      "last_modified": "2024-05-29T10:04:41Z",
      "resolved": "github:NixOS/nixpkgs/ac82a513e55582291805d6f09d35b6d8b60637a1#go-task",
      "source": "devbox-search",
      "version": "3.37.2",
      "systems": {
        "aarch64-darwin": {
          "outputs": [
            {
              "name": "out",
              "path": "/nix/store/sxx5qi67pni1188alq2a8vxnyliy4mpk-go-task-3.37.2",
              "default": true
            }
          ],
          "store_path": "/nix/store/sxx5qi67pni1188alq2a8vxnyliy4mpk-go-task-3.37.2"
        },
        "aarch64-linux": {
          "outputs": [
            {
              "name": "out",
              "path": "/nix/store/6ji3xndcf45yrsrvbv3rkp789bz6rcby-go-task-3.37.2",
              "default": true
            }
          ],
          "store_path": "/nix/store/6ji3xndcf45yrsrvbv3rkp789bz6rcby-go-task-3.37.2"
        },
        "x86_64-darwin": {
          "outputs": [
            {
              "name": "out",
              "path": "/nix/store/gf9ygvd2m7v2hv3349k6q3jgk0bfqr9z-go-task-3.37.2",
              "default": true
            }
          ],
          "store_path": "/nix/store/gf9ygvd2m7v2hv3349k6q3jgk0bfqr9z-go-task-3.37.2"
        },
        "x86_64-linux": {
          "outputs": [
            {
              "name": "out",
              "path": "/nix/store/9bswbbgd0fdbqa40yrj7f595303zbrnj-go-task-3.37.2",
              "default": true
            }
          ],
          "store_path": "/nix/store/9bswbbgd0fdbqa40yrj7f595303zbrnj-go-task-3.37.2"
        }
      }
    },
    "libyaml@latest": {
      "last_modified": "2024-07-07T07:43:47Z",
      "resolved": "github:NixOS/nixpkgs/b60793b86201040d9dee019a05089a9150d08b5b#libyaml",
      "source": "devbox-search",
      "version": "0.2.5",
      "systems": {
        "aarch64-darwin": {
          "outputs": [
            {
              "name": "out",
              "path": "/nix/store/ha9xsm57dpa5nrldlpdddp9w32qj0bg9-libyaml-0.2.5",
              "default": true
            },
            {
              "name": "dev",
              "path": "/nix/store/y9hm9xhd3nc9ili1i36cw0gcygb5zyf1-libyaml-0.2.5-dev"
            }
          ],
          "store_path": "/nix/store/ha9xsm57dpa5nrldlpdddp9w32qj0bg9-libyaml-0.2.5"
        },
        "aarch64-linux": {
          "outputs": [
            {
              "name": "out",
              "path": "/nix/store/ychs8867s2f0akw7d7yr6gj0g2mgsgg0-libyaml-0.2.5",
              "default": true
            },
            {
              "name": "dev",
              "path": "/nix/store/6pm1sljv6lirxg0g4j922ian10ppsyd9-libyaml-0.2.5-dev"
            }
          ],
          "store_path": "/nix/store/ychs8867s2f0akw7d7yr6gj0g2mgsgg0-libyaml-0.2.5"
        },
        "x86_64-darwin": {
          "outputs": [
            {
              "name": "out",
              "path": "/nix/store/9lpividnw9icqiwn74if9mfgkrlpnnya-libyaml-0.2.5",
              "default": true
            },
            {
              "name": "dev",
              "path": "/nix/store/dxvxrpvk0ikzyndsrk7k3rkqvdfj48yj-libyaml-0.2.5-dev"
            }
          ],
          "store_path": "/nix/store/9lpividnw9icqiwn74if9mfgkrlpnnya-libyaml-0.2.5"
        },
        "x86_64-linux": {
          "outputs": [
            {
              "name": "out",
              "path": "/nix/store/43gmas14ri8n1i6y3ps83knx0dc16137-libyaml-0.2.5",
              "default": true
            },
            {
              "name": "dev",
              "path": "/nix/store/gpjqggvgrmhcpkdry5sb7klxfr6zhdk0-libyaml-0.2.5-dev"
            }
          ],
          "store_path": "/nix/store/43gmas14ri8n1i6y3ps83knx0dc16137-libyaml-0.2.5"
        }
      }
    },
    "postgresql_16@latest": {
      "last_modified": "2024-05-26T09:30:02Z",
      "plugin_version": "0.0.2",
      "resolved": "github:NixOS/nixpkgs/e2dd4e18cc1c7314e24154331bae07df76eb582f#postgresql_16",
      "source": "devbox-search",
      "version": "16.3",
      "systems": {
        "aarch64-darwin": {
          "outputs": [
            {
              "name": "out",
              "path": "/nix/store/shqdbl97jlz56nzd21dbcindfk7rk8i6-postgresql-16.3",
              "default": true
            },
            {
              "name": "man",
              "path": "/nix/store/0nmpgsgkyqyg028mxx7p1g57gjlvrd3r-postgresql-16.3-man",
              "default": true
            },
            {
              "name": "doc",
              "path": "/nix/store/qy0j8xgzdq5i892y0q6dw4sxbnxkn5vp-postgresql-16.3-doc"
            },
            {
              "name": "lib",
              "path": "/nix/store/xdr6864slj8bijic7r5463xm72ihh3x0-postgresql-16.3-lib"
            }
          ],
          "store_path": "/nix/store/shqdbl97jlz56nzd21dbcindfk7rk8i6-postgresql-16.3"
        },
        "aarch64-linux": {
          "outputs": [
            {
              "name": "out",
              "path": "/nix/store/s6zc2dzqil3c1s51f7lvkwlfvscra26z-postgresql-16.3",
              "default": true
            },
            {
              "name": "man",
              "path": "/nix/store/gfrbm5kmbcv4ig28jwnr2bvky4ybhw3g-postgresql-16.3-man",
              "default": true
            },
            {
              "name": "debug",
              "path": "/nix/store/8bnd87sbvk8a852sabavbb2f1zx0zr6q-postgresql-16.3-debug"
            },
            {
              "name": "doc",
              "path": "/nix/store/1zif6fb2bvj28w4ny2ynrm709cl0m9ap-postgresql-16.3-doc"
            },
            {
              "name": "lib",
              "path": "/nix/store/c6hc12757m2c8zrvx8rsk0dxc1hzrla3-postgresql-16.3-lib"
            }
          ],
          "store_path": "/nix/store/s6zc2dzqil3c1s51f7lvkwlfvscra26z-postgresql-16.3"
        },
        "x86_64-darwin": {
          "outputs": [
            {
              "name": "out",
              "path": "/nix/store/pcf220104xny8w0m9vzc7ss4yqrpg0rw-postgresql-16.3",
              "default": true
            },
            {
              "name": "man",
              "path": "/nix/store/q1sdkji0ifbzzn7qkpqyvb2zligg70fd-postgresql-16.3-man",
              "default": true
            },
            {
              "name": "doc",
              "path": "/nix/store/8cxz5k066bxmq0qkpy25m30fl30l1b94-postgresql-16.3-doc"
            },
            {
              "name": "lib",
              "path": "/nix/store/623g1qrqmrzk9k3bqallws9lclpg8an4-postgresql-16.3-lib"
            }
          ],
          "store_path": "/nix/store/pcf220104xny8w0m9vzc7ss4yqrpg0rw-postgresql-16.3"
        },
        "x86_64-linux": {
          "outputs": [
            {
              "name": "out",
              "path": "/nix/store/yz718sizpgsnq2y8gfv8bba8l8r4494l-postgresql-16.3",
              "default": true
            },
            {
              "name": "man",
              "path": "/nix/store/z5ki9bilxgszrdkj09pb0ak0gzbn0ngw-postgresql-16.3-man",
              "default": true
            },
            {
              "name": "lib",
              "path": "/nix/store/vf3cvgigxvx4xasn0kxxx8v60rqbs3jg-postgresql-16.3-lib"
            },
            {
              "name": "debug",
              "path": "/nix/store/5jszhg3c7igi3d0qyg5w0mbp67lrwrb1-postgresql-16.3-debug"
            },
            {
              "name": "doc",
              "path": "/nix/store/mn0sffpgdaf8qkfavs4l22d8yf284rqr-postgresql-16.3-doc"
            }
          ],
          "store_path": "/nix/store/yz718sizpgsnq2y8gfv8bba8l8r4494l-postgresql-16.3"
        }
      }
    },
    "redis@latest": {
      "last_modified": "2024-05-22T06:18:38Z",
      "plugin_version": "0.0.2",
      "resolved": "github:NixOS/nixpkgs/3f316d2a50699a78afe5e77ca486ad553169061e#redis",
      "source": "devbox-search",
      "version": "7.2.4",
      "systems": {
        "aarch64-darwin": {
          "outputs": [
            {
              "name": "out",
              "path": "/nix/store/f1hmasfrq0s1yag27kmdwv97cjxv85rm-redis-7.2.4",
              "default": true
            }
          ],
          "store_path": "/nix/store/f1hmasfrq0s1yag27kmdwv97cjxv85rm-redis-7.2.4"
        },
        "aarch64-linux": {
          "outputs": [
            {
              "name": "out",
              "path": "/nix/store/5ay0vkvk8l2n8fgxnmxdci1y1ldafnx8-redis-7.2.4",
              "default": true
            }
          ],
          "store_path": "/nix/store/5ay0vkvk8l2n8fgxnmxdci1y1ldafnx8-redis-7.2.4"
        },
        "x86_64-darwin": {
          "outputs": [
            {
              "name": "out",
              "path": "/nix/store/5l40xjgzqsd56dx5zfwr2v6sfpk12lkl-redis-7.2.4",
              "default": true
            }
          ],
          "store_path": "/nix/store/5l40xjgzqsd56dx5zfwr2v6sfpk12lkl-redis-7.2.4"
        },
        "x86_64-linux": {
          "outputs": [
            {
              "name": "out",
              "path": "/nix/store/xlvzg81dgimxfjxpxwr2w3q1ca3l5lwa-redis-7.2.4",
              "default": true
            }
          ],
          "store_path": "/nix/store/xlvzg81dgimxfjxpxwr2w3q1ca3l5lwa-redis-7.2.4"
        }
      }
    },
    "ruby@3.3.1": {
      "last_modified": "2024-05-22T06:18:38Z",
      "plugin_version": "0.0.2",
      "resolved": "github:NixOS/nixpkgs/3f316d2a50699a78afe5e77ca486ad553169061e#ruby_3_3",
      "source": "devbox-search",
      "version": "3.3.1",
      "systems": {
        "aarch64-darwin": {
          "outputs": [
            {
              "name": "out",
              "path": "/nix/store/pkp3jxxrv5k2q30d7dlrhi3iavf7yx30-ruby-3.3.1",
              "default": true
            },
            {
              "name": "devdoc",
              "path": "/nix/store/kd1jzkciy029zvr9z93flqvj5jv3p4fg-ruby-3.3.1-devdoc"
            }
          ],
          "store_path": "/nix/store/pkp3jxxrv5k2q30d7dlrhi3iavf7yx30-ruby-3.3.1"
        },
        "aarch64-linux": {
          "outputs": [
            {
              "name": "out",
              "path": "/nix/store/nz9ad6vkijjqb4a472d9wdsnr2v8zpzk-ruby-3.3.1",
              "default": true
            },
            {
              "name": "devdoc",
              "path": "/nix/store/fdg456ic2642jzhrc2xx77930xw2zml0-ruby-3.3.1-devdoc"
            }
          ],
          "store_path": "/nix/store/nz9ad6vkijjqb4a472d9wdsnr2v8zpzk-ruby-3.3.1"
        },
        "x86_64-darwin": {
          "outputs": [
            {
              "name": "out",
              "path": "/nix/store/52f08h8gxjd0i0kf321ka6iyyfv17cyw-ruby-3.3.1",
              "default": true
            },
            {
              "name": "devdoc",
              "path": "/nix/store/bj3s7wngp91256scm3x6x7jivncgynrx-ruby-3.3.1-devdoc"
            }
          ],
          "store_path": "/nix/store/52f08h8gxjd0i0kf321ka6iyyfv17cyw-ruby-3.3.1"
        },
        "x86_64-linux": {
          "outputs": [
            {
              "name": "out",
              "path": "/nix/store/nwbbnrwrzhk552p11lcxkxjfxi7z69sx-ruby-3.3.1",
              "default": true
            },
            {
              "name": "devdoc",
              "path": "/nix/store/iqrnl5h2rfczsrkiqpskg9m86r5l51gl-ruby-3.3.1-devdoc"
            }
          ],
          "store_path": "/nix/store/nwbbnrwrzhk552p11lcxkxjfxi7z69sx-ruby-3.3.1"
        }
      }
    },
    "yq@latest": {
      "last_modified": "2024-07-07T07:43:47Z",
      "resolved": "github:NixOS/nixpkgs/b60793b86201040d9dee019a05089a9150d08b5b#yq",
      "source": "devbox-search",
      "version": "3.4.3",
      "systems": {
        "aarch64-darwin": {
          "outputs": [
            {
              "name": "out",
              "path": "/nix/store/7wd5dn3p6czs3vjkpgadniv8r5jsbg6d-python3.12-yq-3.4.3",
              "default": true
            },
            {
              "name": "dist",
              "path": "/nix/store/cx96ab2l5g7k20irlkybg90r6ww2g419-python3.12-yq-3.4.3-dist"
            }
          ],
          "store_path": "/nix/store/7wd5dn3p6czs3vjkpgadniv8r5jsbg6d-python3.12-yq-3.4.3"
        },
        "aarch64-linux": {
          "outputs": [
            {
              "name": "out",
              "path": "/nix/store/79bqrczvm1jh0hd89ndp606i8w2xvkid-python3.12-yq-3.4.3",
              "default": true
            },
            {
              "name": "dist",
              "path": "/nix/store/byzgcykw6d3rflm4nmqnyz1ix1cavkww-python3.12-yq-3.4.3-dist"
            }
          ],
          "store_path": "/nix/store/79bqrczvm1jh0hd89ndp606i8w2xvkid-python3.12-yq-3.4.3"
        },
        "x86_64-darwin": {
          "outputs": [
            {
              "name": "out",
              "path": "/nix/store/cc7aq39xbinmc7jpypvn9sgyjy9zjkqx-python3.12-yq-3.4.3",
              "default": true
            },
            {
              "name": "dist",
              "path": "/nix/store/nfzmvi8j5j7cmijjcwz6jxr70kklh0kz-python3.12-yq-3.4.3-dist"
            }
          ],
          "store_path": "/nix/store/cc7aq39xbinmc7jpypvn9sgyjy9zjkqx-python3.12-yq-3.4.3"
        },
        "x86_64-linux": {
          "outputs": [
            {
              "name": "out",
              "path": "/nix/store/vda5kydci789ws52i1j2k52lcb3m7mb6-python3.12-yq-3.4.3",
              "default": true
            },
            {
              "name": "dist",
              "path": "/nix/store/ckg535fiszicf6cxza016wbayv418nbs-python3.12-yq-3.4.3-dist"
            }
          ],
          "store_path": "/nix/store/vda5kydci789ws52i1j2k52lcb3m7mb6-python3.12-yq-3.4.3"
        }
      }
    }
  }
}
